
Microsoft Visual Studio Solution File, Format Version 12.00
# Visual Studio Version 17
VisualStudioVersion = 17.11.35327.3
MinimumVisualStudioVersion = 10.0.40219.1
Project("{9A19103F-16F7-4668-BE54-9A1E7A4F7556}") = "ContatosAPI", "ContatosAPI\ContatosAPI.csproj", "{073893A9-3C49-4EAD-8931-E173C3D71541}"
EndProject
Project("{9A19103F-16F7-4668-BE54-9A1E7A4F7556}") = "Core", "Core\Core.csproj", "{75022D83-75A8-4378-9EA6-0F90588E7C13}"
EndProject
Project("{9A19103F-16F7-4668-BE54-9A1E7A4F7556}") = "Infrastructure", "Infrastructure\Infrastructure.csproj", "{6CF62DC7-758E-486F-9355-7B627977689A}"
EndProject
Project("{FAE04EC0-301F-11D3-BF4B-00C04F79EFBC}") = "Tests", "Tests\Tests.csproj", "{EE0409B7-F338-46C9-9374-E90E92C45412}"
EndProject
Global
	GlobalSection(SolutionConfigurationPlatforms) = preSolution
		Debug|Any CPU = Debug|Any CPU
		Release|Any CPU = Release|Any CPU
	EndGlobalSection
	GlobalSection(ProjectConfigurationPlatforms) = postSolution
		{073893A9-3C49-4EAD-8931-E173C3D71541}.Debug|Any CPU.ActiveCfg = Debug|Any CPU
		{073893A9-3C49-4EAD-8931-E173C3D71541}.Debug|Any CPU.Build.0 = Debug|Any CPU
		{073893A9-3C49-4EAD-8931-E173C3D71541}.Release|Any CPU.ActiveCfg = Release|Any CPU
		{073893A9-3C49-4EAD-8931-E173C3D71541}.Release|Any CPU.Build.0 = Release|Any CPU
		{75022D83-75A8-4378-9EA6-0F90588E7C13}.Debug|Any CPU.ActiveCfg = Debug|Any CPU
		{75022D83-75A8-4378-9EA6-0F90588E7C13}.Debug|Any CPU.Build.0 = Debug|Any CPU
		{75022D83-75A8-4378-9EA6-0F90588E7C13}.Release|Any CPU.ActiveCfg = Release|Any CPU
		{75022D83-75A8-4378-9EA6-0F90588E7C13}.Release|Any CPU.Build.0 = Release|Any CPU
		{6CF62DC7-758E-486F-9355-7B627977689A}.Debug|Any CPU.ActiveCfg = Debug|Any CPU
		{6CF62DC7-758E-486F-9355-7B627977689A}.Debug|Any CPU.Build.0 = Debug|Any CPU
		{6CF62DC7-758E-486F-9355-7B627977689A}.Release|Any CPU.ActiveCfg = Release|Any CPU
		{6CF62DC7-758E-486F-9355-7B627977689A}.Release|Any CPU.Build.0 = Release|Any CPU
		{EE0409B7-F338-46C9-9374-E90E92C45412}.Debug|Any CPU.ActiveCfg = Debug|Any CPU
		{EE0409B7-F338-46C9-9374-E90E92C45412}.Debug|Any CPU.Build.0 = Debug|Any CPU
		{EE0409B7-F338-46C9-9374-E90E92C45412}.Release|Any CPU.ActiveCfg = Release|Any CPU
		{EE0409B7-F338-46C9-9374-E90E92C45412}.Release|Any CPU.Build.0 = Release|Any CPU
	EndGlobalSection
	GlobalSection(SolutionProperties) = preSolution
		HideSolutionNode = FALSE
	EndGlobalSection
	GlobalSection(ExtensibilityGlobals) = postSolution
		SolutionGuid = {A4964CD6-46C1-4EA6-ADB2-D8C98A1935AD}
	EndGlobalSection
EndGlobal
